
Microsoft Visual Studio Solution File, Format Version 12.00
# Visual Studio Version 17
VisualStudioVersion = 17.14.36603.0 d17.14
MinimumVisualStudioVersion = 10.0.40219.1
Project("{FAE04EC0-301F-11D3-BF4B-00C04F79EFBC}") = "SCT_5", "SCT_5\SCT_5.csproj", "{BABE20B8-0EB6-4C5D-8AC0-78E10C32E06B}"
EndProject
Global
	GlobalSection(SolutionConfigurationPlatforms) = preSolution
		Debug|Any CPU = Debug|Any CPU
		Release|Any CPU = Release|Any CPU
	EndGlobalSection
	GlobalSection(ProjectConfigurationPlatforms) = postSolution
		{BABE20B8-0EB6-4C5D-8AC0-78E10C32E06B}.Debug|Any CPU.ActiveCfg = Debug|Any CPU
		{BABE20B8-0EB6-4C5D-8AC0-78E10C32E06B}.Debug|Any CPU.Build.0 = Debug|Any CPU
		{BABE20B8-0EB6-4C5D-8AC0-78E10C32E06B}.Release|Any CPU.ActiveCfg = Release|Any CPU
		{BABE20B8-0EB6-4C5D-8AC0-78E10C32E06B}.Release|Any CPU.Build.0 = Release|Any CPU
	EndGlobalSection
	GlobalSection(SolutionProperties) = preSolution
		HideSolutionNode = FALSE
	EndGlobalSection
	GlobalSection(ExtensibilityGlobals) = postSolution
		SolutionGuid = {63568CB4-9E2B-4FAA-A478-E6963094D996}
	EndGlobalSection
EndGlobal
